
Microsoft Visual Studio Solution File, Format Version 12.00
# Visual Studio Version 16
VisualStudioVersion = 16.0.31205.134
MinimumVisualStudioVersion = 10.0.40219.1
Project("{FAE04EC0-301F-11D3-BF4B-00C04F79EFBC}") = "APIGateway", "APIGateway\APIGateway.csproj", "{F8D96441-DEC8-40D3-9BE2-17623BB689D1}"
EndProject
Project("{2150E333-8FDC-42A3-9474-1A3956D46DE8}") = "Services", "Services", "{B5E2CEC1-EB91-44BE-9019-F4581DBCC037}"
EndProject
Project("{FAE04EC0-301F-11D3-BF4B-00C04F79EFBC}") = "Reservation.API", "Services\ResAPI\Reservation.API\Reservation.API.csproj", "{F154FC9B-9944-4605-AAB6-3F03FE5D1B48}"
EndProject
Project("{2150E333-8FDC-42A3-9474-1A3956D46DE8}") = "ContactAPI", "ContactAPI", "{7DB66697-9E42-4C70-AE80-E0A7DB61D281}"
EndProject
Project("{2150E333-8FDC-42A3-9474-1A3956D46DE8}") = "ReservationAPI", "ReservationAPI", "{3E0D6C51-B2BB-4817-82B5-1A070D56D2D4}"
EndProject
Project("{FAE04EC0-301F-11D3-BF4B-00C04F79EFBC}") = "Contact.API.Models", "Services\ContactAPI\Contact.API.Models\Contact.API.Models.csproj", "{B35D5B51-1298-4CAB-9B18-DB1E0A7A87A1}"
EndProject
Project("{FAE04EC0-301F-11D3-BF4B-00C04F79EFBC}") = "Contact.API.Infrastructure", "Services\ContactAPI\Contact.API.Infrastructure\Contact.API.Infrastructure.csproj", "{8C406702-512C-4C2D-AD21-97757DD9CA17}"
EndProject
Project("{FAE04EC0-301F-11D3-BF4B-00C04F79EFBC}") = "Contact.API.Services", "Services\ContactAPI\Contact.API.Services\Contact.API.Services.csproj", "{6E12C4FA-9CD9-4B19-8C3E-B87864D35EB3}"
EndProject
Project("{FAE04EC0-301F-11D3-BF4B-00C04F79EFBC}") = "Contact.API", "Contact.API\Contact.API.csproj", "{41366ACB-E74C-44C3-A100-E1FB8D419831}"
EndProject
Project("{FAE04EC0-301F-11D3-BF4B-00C04F79EFBC}") = "Reservation.API.Infrastructure", "Services\ResAPI\Reservation.API.Infrastructure\Reservation.API.Infrastructure.csproj", "{A196BB3A-273A-4C65-B3C3-7D9660280A8A}"
EndProject
Project("{FAE04EC0-301F-11D3-BF4B-00C04F79EFBC}") = "Reservation.API.Services", "Services\ResAPI\Reservation.API.Services\Reservation.API.Services.csproj", "{65175805-1CEC-4D1C-83F1-5A4A1999E444}"
EndProject
Project("{FAE04EC0-301F-11D3-BF4B-00C04F79EFBC}") = "Reservation.API.Models", "Reservation.API.Models\Reservation.API.Models.csproj", "{991FCD6A-4FEE-4404-8F80-34AE1F3333DB}"
EndProject
Global
	GlobalSection(SolutionConfigurationPlatforms) = preSolution
		Debug|Any CPU = Debug|Any CPU
		Release|Any CPU = Release|Any CPU
	EndGlobalSection
	GlobalSection(ProjectConfigurationPlatforms) = postSolution
		{F8D96441-DEC8-40D3-9BE2-17623BB689D1}.Debug|Any CPU.ActiveCfg = Debug|Any CPU
		{F8D96441-DEC8-40D3-9BE2-17623BB689D1}.Debug|Any CPU.Build.0 = Debug|Any CPU
		{F8D96441-DEC8-40D3-9BE2-17623BB689D1}.Release|Any CPU.ActiveCfg = Release|Any CPU
		{F8D96441-DEC8-40D3-9BE2-17623BB689D1}.Release|Any CPU.Build.0 = Release|Any CPU
		{F154FC9B-9944-4605-AAB6-3F03FE5D1B48}.Debug|Any CPU.ActiveCfg = Debug|Any CPU
		{F154FC9B-9944-4605-AAB6-3F03FE5D1B48}.Debug|Any CPU.Build.0 = Debug|Any CPU
		{F154FC9B-9944-4605-AAB6-3F03FE5D1B48}.Release|Any CPU.ActiveCfg = Release|Any CPU
		{F154FC9B-9944-4605-AAB6-3F03FE5D1B48}.Release|Any CPU.Build.0 = Release|Any CPU
		{B35D5B51-1298-4CAB-9B18-DB1E0A7A87A1}.Debug|Any CPU.ActiveCfg = Debug|Any CPU
		{B35D5B51-1298-4CAB-9B18-DB1E0A7A87A1}.Debug|Any CPU.Build.0 = Debug|Any CPU
		{B35D5B51-1298-4CAB-9B18-DB1E0A7A87A1}.Release|Any CPU.ActiveCfg = Release|Any CPU
		{B35D5B51-1298-4CAB-9B18-DB1E0A7A87A1}.Release|Any CPU.Build.0 = Release|Any CPU
		{8C406702-512C-4C2D-AD21-97757DD9CA17}.Debug|Any CPU.ActiveCfg = Debug|Any CPU
		{8C406702-512C-4C2D-AD21-97757DD9CA17}.Debug|Any CPU.Build.0 = Debug|Any CPU
		{8C406702-512C-4C2D-AD21-97757DD9CA17}.Release|Any CPU.ActiveCfg = Release|Any CPU
		{8C406702-512C-4C2D-AD21-97757DD9CA17}.Release|Any CPU.Build.0 = Release|Any CPU
		{6E12C4FA-9CD9-4B19-8C3E-B87864D35EB3}.Debug|Any CPU.ActiveCfg = Debug|Any CPU
		{6E12C4FA-9CD9-4B19-8C3E-B87864D35EB3}.Debug|Any CPU.Build.0 = Debug|Any CPU
		{6E12C4FA-9CD9-4B19-8C3E-B87864D35EB3}.Release|Any CPU.ActiveCfg = Release|Any CPU
		{6E12C4FA-9CD9-4B19-8C3E-B87864D35EB3}.Release|Any CPU.Build.0 = Release|Any CPU
		{41366ACB-E74C-44C3-A100-E1FB8D419831}.Debug|Any CPU.ActiveCfg = Debug|Any CPU
		{41366ACB-E74C-44C3-A100-E1FB8D419831}.Debug|Any CPU.Build.0 = Debug|Any CPU
		{41366ACB-E74C-44C3-A100-E1FB8D419831}.Release|Any CPU.ActiveCfg = Release|Any CPU
		{41366ACB-E74C-44C3-A100-E1FB8D419831}.Release|Any CPU.Build.0 = Release|Any CPU
		{A196BB3A-273A-4C65-B3C3-7D9660280A8A}.Debug|Any CPU.ActiveCfg = Debug|Any CPU
		{A196BB3A-273A-4C65-B3C3-7D9660280A8A}.Debug|Any CPU.Build.0 = Debug|Any CPU
		{A196BB3A-273A-4C65-B3C3-7D9660280A8A}.Release|Any CPU.ActiveCfg = Release|Any CPU
		{A196BB3A-273A-4C65-B3C3-7D9660280A8A}.Release|Any CPU.Build.0 = Release|Any CPU
		{65175805-1CEC-4D1C-83F1-5A4A1999E444}.Debug|Any CPU.ActiveCfg = Debug|Any CPU
		{65175805-1CEC-4D1C-83F1-5A4A1999E444}.Debug|Any CPU.Build.0 = Debug|Any CPU
		{65175805-1CEC-4D1C-83F1-5A4A1999E444}.Release|Any CPU.ActiveCfg = Release|Any CPU
		{65175805-1CEC-4D1C-83F1-5A4A1999E444}.Release|Any CPU.Build.0 = Release|Any CPU
		{991FCD6A-4FEE-4404-8F80-34AE1F3333DB}.Debug|Any CPU.ActiveCfg = Debug|Any CPU
		{991FCD6A-4FEE-4404-8F80-34AE1F3333DB}.Debug|Any CPU.Build.0 = Debug|Any CPU
		{991FCD6A-4FEE-4404-8F80-34AE1F3333DB}.Release|Any CPU.ActiveCfg = Release|Any CPU
		{991FCD6A-4FEE-4404-8F80-34AE1F3333DB}.Release|Any CPU.Build.0 = Release|Any CPU
	EndGlobalSection
	GlobalSection(SolutionProperties) = preSolution
		HideSolutionNode = FALSE
	EndGlobalSection
	GlobalSection(NestedProjects) = preSolution
		{F154FC9B-9944-4605-AAB6-3F03FE5D1B48} = {3E0D6C51-B2BB-4817-82B5-1A070D56D2D4}
		{7DB66697-9E42-4C70-AE80-E0A7DB61D281} = {B5E2CEC1-EB91-44BE-9019-F4581DBCC037}
		{3E0D6C51-B2BB-4817-82B5-1A070D56D2D4} = {B5E2CEC1-EB91-44BE-9019-F4581DBCC037}
		{B35D5B51-1298-4CAB-9B18-DB1E0A7A87A1} = {7DB66697-9E42-4C70-AE80-E0A7DB61D281}
		{8C406702-512C-4C2D-AD21-97757DD9CA17} = {7DB66697-9E42-4C70-AE80-E0A7DB61D281}
		{6E12C4FA-9CD9-4B19-8C3E-B87864D35EB3} = {7DB66697-9E42-4C70-AE80-E0A7DB61D281}
		{41366ACB-E74C-44C3-A100-E1FB8D419831} = {7DB66697-9E42-4C70-AE80-E0A7DB61D281}
		{A196BB3A-273A-4C65-B3C3-7D9660280A8A} = {3E0D6C51-B2BB-4817-82B5-1A070D56D2D4}
		{65175805-1CEC-4D1C-83F1-5A4A1999E444} = {3E0D6C51-B2BB-4817-82B5-1A070D56D2D4}
		{991FCD6A-4FEE-4404-8F80-34AE1F3333DB} = {3E0D6C51-B2BB-4817-82B5-1A070D56D2D4}
	EndGlobalSection
	GlobalSection(ExtensibilityGlobals) = postSolution
		SolutionGuid = {89AE4D64-2EA4-4A90-9A74-E5FF603E45A7}
	EndGlobalSection
EndGlobal
